
Microsoft Visual Studio Solution File, Format Version 12.00
# Visual Studio 2012
Project("{FAE04EC0-301F-11D3-BF4B-00C04F79EFBC}") = "CSharpCookbook", "CSharpCookbook.csproj", "{5946039C-D555-4E79-869D-3B6D6AE39376}"
EndProject
Project("{FAE04EC0-301F-11D3-BF4B-00C04F79EFBC}") = "CSharpCookbook.Data", "..\CSharpCookbook.Data\CSharpCookbook.Data.csproj", "{026DCAB1-A0FB-4438-BF72-8730C8665501}"
EndProject
Project("{FAE04EC0-301F-11D3-BF4B-00C04F79EFBC}") = "CSharpCookbook.SqlCompact", "CSharpCookbook.SqlCompact\CSharpCookbook.SqlCompact.csproj", "{33D8141F-E05C-4C1D-B76C-26C331549143}"
EndProject
Global
	GlobalSection(SolutionConfigurationPlatforms) = preSolution
		Debug|Any CPU = Debug|Any CPU
		Release|Any CPU = Release|Any CPU
	EndGlobalSection
	GlobalSection(ProjectConfigurationPlatforms) = postSolution
		{5946039C-D555-4E79-869D-3B6D6AE39376}.Debug|Any CPU.ActiveCfg = Debug|Any CPU
		{5946039C-D555-4E79-869D-3B6D6AE39376}.Debug|Any CPU.Build.0 = Debug|Any CPU
		{5946039C-D555-4E79-869D-3B6D6AE39376}.Release|Any CPU.ActiveCfg = Release|Any CPU
		{5946039C-D555-4E79-869D-3B6D6AE39376}.Release|Any CPU.Build.0 = Release|Any CPU
		{026DCAB1-A0FB-4438-BF72-8730C8665501}.Debug|Any CPU.ActiveCfg = Debug|Any CPU
		{026DCAB1-A0FB-4438-BF72-8730C8665501}.Debug|Any CPU.Build.0 = Debug|Any CPU
		{026DCAB1-A0FB-4438-BF72-8730C8665501}.Release|Any CPU.ActiveCfg = Release|Any CPU
		{026DCAB1-A0FB-4438-BF72-8730C8665501}.Release|Any CPU.Build.0 = Release|Any CPU
		{33D8141F-E05C-4C1D-B76C-26C331549143}.Debug|Any CPU.ActiveCfg = Debug|Any CPU
		{33D8141F-E05C-4C1D-B76C-26C331549143}.Debug|Any CPU.Build.0 = Debug|Any CPU
		{33D8141F-E05C-4C1D-B76C-26C331549143}.Release|Any CPU.ActiveCfg = Release|Any CPU
		{33D8141F-E05C-4C1D-B76C-26C331549143}.Release|Any CPU.Build.0 = Release|Any CPU
	EndGlobalSection
	GlobalSection(SolutionProperties) = preSolution
		HideSolutionNode = FALSE
	EndGlobalSection
EndGlobal
